{
    "_meta": {
        "hash": {
            "sha256": "61712c8f12edc20b901a3445126cdb69bfdd303a9d564d32e6e210b2d20442a3"
        },
        "pipfile-spec": 6,
        "requires": {
            "python_version": "3.09"
        },
        "sources": [
            {
                "name": "pypi",
                "url": "https://pypi.org/simple",
                "verify_ssl": true
            }
        ]
    },
    "default": {},
    "develop": {}
}
